
Microsoft Visual Studio Solution File, Format Version 12.00
# Visual Studio Version 17
VisualStudioVersion = 17.8.34309.116
MinimumVisualStudioVersion = 10.0.40219.1
Project("{9A19103F-16F7-4668-BE54-9A1E7A4F7556}") = "Core", "Core\Core.csproj", "{8C99C190-29B2-4CB2-BEED-3EC2E5761E8E}"
EndProject
Project("{9A19103F-16F7-4668-BE54-9A1E7A4F7556}") = "Test", "Test\Test.csproj", "{DE82D96C-A03D-4950-A28C-A8FBC859DC27}"
	ProjectSection(ProjectDependencies) = postProject
		{8C99C190-29B2-4CB2-BEED-3EC2E5761E8E} = {8C99C190-29B2-4CB2-BEED-3EC2E5761E8E}
	EndProjectSection
EndProject
Project("{9A19103F-16F7-4668-BE54-9A1E7A4F7556}") = "Integration", "Integration\Integration.csproj", "{1FEE78FD-EC93-4D69-AF6C-8C1367D46668}"
EndProject
Global
	GlobalSection(SolutionConfigurationPlatforms) = preSolution
		Debug|Any CPU = Debug|Any CPU
		Release|Any CPU = Release|Any CPU
	EndGlobalSection
	GlobalSection(ProjectConfigurationPlatforms) = postSolution
		{8C99C190-29B2-4CB2-BEED-3EC2E5761E8E}.Debug|Any CPU.ActiveCfg = Debug|Any CPU
		{8C99C190-29B2-4CB2-BEED-3EC2E5761E8E}.Debug|Any CPU.Build.0 = Debug|Any CPU
		{8C99C190-29B2-4CB2-BEED-3EC2E5761E8E}.Release|Any CPU.ActiveCfg = Release|Any CPU
		{8C99C190-29B2-4CB2-BEED-3EC2E5761E8E}.Release|Any CPU.Build.0 = Release|Any CPU
		{DE82D96C-A03D-4950-A28C-A8FBC859DC27}.Debug|Any CPU.ActiveCfg = Debug|Any CPU
		{DE82D96C-A03D-4950-A28C-A8FBC859DC27}.Debug|Any CPU.Build.0 = Debug|Any CPU
		{DE82D96C-A03D-4950-A28C-A8FBC859DC27}.Release|Any CPU.ActiveCfg = Release|Any CPU
		{DE82D96C-A03D-4950-A28C-A8FBC859DC27}.Release|Any CPU.Build.0 = Release|Any CPU
		{1FEE78FD-EC93-4D69-AF6C-8C1367D46668}.Debug|Any CPU.ActiveCfg = Debug|Any CPU
		{1FEE78FD-EC93-4D69-AF6C-8C1367D46668}.Debug|Any CPU.Build.0 = Debug|Any CPU
		{1FEE78FD-EC93-4D69-AF6C-8C1367D46668}.Release|Any CPU.ActiveCfg = Release|Any CPU
		{1FEE78FD-EC93-4D69-AF6C-8C1367D46668}.Release|Any CPU.Build.0 = Release|Any CPU
	EndGlobalSection
	GlobalSection(SolutionProperties) = preSolution
		HideSolutionNode = FALSE
	EndGlobalSection
	GlobalSection(ExtensibilityGlobals) = postSolution
		SolutionGuid = {B75A3117-3BEF-4371-922E-718B7DDF81B4}
	EndGlobalSection
EndGlobal
